
Microsoft Visual Studio Solution File, Format Version 12.00
# Visual Studio Version 17
VisualStudioVersion = 17.7.34024.191
MinimumVisualStudioVersion = 10.0.40219.1
Project("{8BC9CEB8-8B4A-11D0-8D11-00A0C91BC942}") = "week1", "week1\week1.vcxproj", "{483C93C7-7091-4FD2-9EFD-B3E467620424}"
EndProject
Project("{8BC9CEB8-8B4A-11D0-8D11-00A0C91BC942}") = "week2_shelling", "week2_shelling\week2_shelling.vcxproj", "{674B6D86-B6FE-4109-83A8-DD93F0624ACF}"
EndProject
Project("{8BC9CEB8-8B4A-11D0-8D11-00A0C91BC942}") = "week2_JumpingObstacles", "week2_JumpingObstacles\JumpingObstacles.vcxproj", "{36A96C0F-1912-4125-9CC5-D3AF9E886FF9}"
EndProject
Project("{8BC9CEB8-8B4A-11D0-8D11-00A0C91BC942}") = "week3_Bricks", "week3_Bricks\week3_Bricks.vcxproj", "{D3466603-BA49-4D72-A756-CEE80F94170B}"
EndProject
Project("{8BC9CEB8-8B4A-11D0-8D11-00A0C91BC942}") = "week3_GoingDown", "week3_GoingDown\week3_GoingDown.vcxproj", "{B332B074-FFB0-4EFC-A2A5-4D4D6F7DD0DA}"
EndProject
Project("{8BC9CEB8-8B4A-11D0-8D11-00A0C91BC942}") = "week4_bomb", "week4_bomb\week4_bomb.vcxproj", "{768C0389-1D41-45B8-B1F8-965400D639C7}"
EndProject
Project("{8BC9CEB8-8B4A-11D0-8D11-00A0C91BC942}") = "week4_plane", "week4_plane\week4_plane.vcxproj", "{362932CD-1D15-4618-8653-0B80C100ADD7}"
EndProject
Project("{8BC9CEB8-8B4A-11D0-8D11-00A0C91BC942}") = "week6_stand100s", "week6_stand100s\week6_stand100s.vcxproj", "{CEB01353-2DFD-4403-AD20-3C7CBB0E6C80}"
EndProject
Project("{8BC9CEB8-8B4A-11D0-8D11-00A0C91BC942}") = "week6_animation", "week6_animation\week6_animation.vcxproj", "{6D786B5C-CB60-40A6-A616-631FE4D58572}"
EndProject
Project("{8BC9CEB8-8B4A-11D0-8D11-00A0C91BC942}") = "week7_running", "week7_running\week7_running.vcxproj", "{0139C059-F16D-41D1-A4A9-7774589C67D2}"
EndProject
Project("{8BC9CEB8-8B4A-11D0-8D11-00A0C91BC942}") = "week7_returnRunning", "week7_returnRunning\week7_returnRunning.vcxproj", "{B8D9C0D8-3D02-415E-BF93-8549C269CE68}"
EndProject
Project("{8BC9CEB8-8B4A-11D0-8D11-00A0C91BC942}") = "week7_plane", "week7_plane\week7_plane.vcxproj", "{95BD9870-C9AC-44E6-9F66-04ADEACED944}"
EndProject
Project("{8BC9CEB8-8B4A-11D0-8D11-00A0C91BC942}") = "week7_snow", "week7_snow\week7_snow.vcxproj", "{A52CB0DD-9C9E-4F9C-A69C-7DB5C2AE9A4D}"
EndProject
Project("{8BC9CEB8-8B4A-11D0-8D11-00A0C91BC942}") = "week8_stickmanAdventures", "week8_stickmanAdventures\week8_stickmanAdventures.vcxproj", "{F76E65E5-5EAD-46DD-AFE3-C60924FFCF40}"
EndProject
Global
	GlobalSection(SolutionConfigurationPlatforms) = preSolution
		Debug|x64 = Debug|x64
		Debug|x86 = Debug|x86
		Release|x64 = Release|x64
		Release|x86 = Release|x86
	EndGlobalSection
	GlobalSection(ProjectConfigurationPlatforms) = postSolution
		{483C93C7-7091-4FD2-9EFD-B3E467620424}.Debug|x64.ActiveCfg = Debug|x64
		{483C93C7-7091-4FD2-9EFD-B3E467620424}.Debug|x64.Build.0 = Debug|x64
		{483C93C7-7091-4FD2-9EFD-B3E467620424}.Debug|x86.ActiveCfg = Debug|Win32
		{483C93C7-7091-4FD2-9EFD-B3E467620424}.Debug|x86.Build.0 = Debug|Win32
		{483C93C7-7091-4FD2-9EFD-B3E467620424}.Release|x64.ActiveCfg = Release|x64
		{483C93C7-7091-4FD2-9EFD-B3E467620424}.Release|x64.Build.0 = Release|x64
		{483C93C7-7091-4FD2-9EFD-B3E467620424}.Release|x86.ActiveCfg = Release|Win32
		{483C93C7-7091-4FD2-9EFD-B3E467620424}.Release|x86.Build.0 = Release|Win32
		{674B6D86-B6FE-4109-83A8-DD93F0624ACF}.Debug|x64.ActiveCfg = Debug|x64
		{674B6D86-B6FE-4109-83A8-DD93F0624ACF}.Debug|x64.Build.0 = Debug|x64
		{674B6D86-B6FE-4109-83A8-DD93F0624ACF}.Debug|x86.ActiveCfg = Debug|Win32
		{674B6D86-B6FE-4109-83A8-DD93F0624ACF}.Debug|x86.Build.0 = Debug|Win32
		{674B6D86-B6FE-4109-83A8-DD93F0624ACF}.Release|x64.ActiveCfg = Release|x64
		{674B6D86-B6FE-4109-83A8-DD93F0624ACF}.Release|x64.Build.0 = Release|x64
		{674B6D86-B6FE-4109-83A8-DD93F0624ACF}.Release|x86.ActiveCfg = Release|Win32
		{674B6D86-B6FE-4109-83A8-DD93F0624ACF}.Release|x86.Build.0 = Release|Win32
		{36A96C0F-1912-4125-9CC5-D3AF9E886FF9}.Debug|x64.ActiveCfg = Debug|x64
		{36A96C0F-1912-4125-9CC5-D3AF9E886FF9}.Debug|x64.Build.0 = Debug|x64
		{36A96C0F-1912-4125-9CC5-D3AF9E886FF9}.Debug|x86.ActiveCfg = Debug|Win32
		{36A96C0F-1912-4125-9CC5-D3AF9E886FF9}.Debug|x86.Build.0 = Debug|Win32
		{36A96C0F-1912-4125-9CC5-D3AF9E886FF9}.Release|x64.ActiveCfg = Release|x64
		{36A96C0F-1912-4125-9CC5-D3AF9E886FF9}.Release|x64.Build.0 = Release|x64
		{36A96C0F-1912-4125-9CC5-D3AF9E886FF9}.Release|x86.ActiveCfg = Release|Win32
		{36A96C0F-1912-4125-9CC5-D3AF9E886FF9}.Release|x86.Build.0 = Release|Win32
		{D3466603-BA49-4D72-A756-CEE80F94170B}.Debug|x64.ActiveCfg = Debug|x64
		{D3466603-BA49-4D72-A756-CEE80F94170B}.Debug|x64.Build.0 = Debug|x64
		{D3466603-BA49-4D72-A756-CEE80F94170B}.Debug|x86.ActiveCfg = Debug|Win32
		{D3466603-BA49-4D72-A756-CEE80F94170B}.Debug|x86.Build.0 = Debug|Win32
		{D3466603-BA49-4D72-A756-CEE80F94170B}.Release|x64.ActiveCfg = Release|x64
		{D3466603-BA49-4D72-A756-CEE80F94170B}.Release|x64.Build.0 = Release|x64
		{D3466603-BA49-4D72-A756-CEE80F94170B}.Release|x86.ActiveCfg = Release|Win32
		{D3466603-BA49-4D72-A756-CEE80F94170B}.Release|x86.Build.0 = Release|Win32
		{B332B074-FFB0-4EFC-A2A5-4D4D6F7DD0DA}.Debug|x64.ActiveCfg = Debug|x64
		{B332B074-FFB0-4EFC-A2A5-4D4D6F7DD0DA}.Debug|x64.Build.0 = Debug|x64
		{B332B074-FFB0-4EFC-A2A5-4D4D6F7DD0DA}.Debug|x86.ActiveCfg = Debug|Win32
		{B332B074-FFB0-4EFC-A2A5-4D4D6F7DD0DA}.Debug|x86.Build.0 = Debug|Win32
		{B332B074-FFB0-4EFC-A2A5-4D4D6F7DD0DA}.Release|x64.ActiveCfg = Release|x64
		{B332B074-FFB0-4EFC-A2A5-4D4D6F7DD0DA}.Release|x64.Build.0 = Release|x64
		{B332B074-FFB0-4EFC-A2A5-4D4D6F7DD0DA}.Release|x86.ActiveCfg = Release|Win32
		{B332B074-FFB0-4EFC-A2A5-4D4D6F7DD0DA}.Release|x86.Build.0 = Release|Win32
		{768C0389-1D41-45B8-B1F8-965400D639C7}.Debug|x64.ActiveCfg = Debug|x64
		{768C0389-1D41-45B8-B1F8-965400D639C7}.Debug|x64.Build.0 = Debug|x64
		{768C0389-1D41-45B8-B1F8-965400D639C7}.Debug|x86.ActiveCfg = Debug|Win32
		{768C0389-1D41-45B8-B1F8-965400D639C7}.Debug|x86.Build.0 = Debug|Win32
		{768C0389-1D41-45B8-B1F8-965400D639C7}.Release|x64.ActiveCfg = Release|x64
		{768C0389-1D41-45B8-B1F8-965400D639C7}.Release|x64.Build.0 = Release|x64
		{768C0389-1D41-45B8-B1F8-965400D639C7}.Release|x86.ActiveCfg = Release|Win32
		{768C0389-1D41-45B8-B1F8-965400D639C7}.Release|x86.Build.0 = Release|Win32
		{362932CD-1D15-4618-8653-0B80C100ADD7}.Debug|x64.ActiveCfg = Debug|x64
		{362932CD-1D15-4618-8653-0B80C100ADD7}.Debug|x64.Build.0 = Debug|x64
		{362932CD-1D15-4618-8653-0B80C100ADD7}.Debug|x86.ActiveCfg = Debug|Win32
		{362932CD-1D15-4618-8653-0B80C100ADD7}.Debug|x86.Build.0 = Debug|Win32
		{362932CD-1D15-4618-8653-0B80C100ADD7}.Release|x64.ActiveCfg = Release|x64
		{362932CD-1D15-4618-8653-0B80C100ADD7}.Release|x64.Build.0 = Release|x64
		{362932CD-1D15-4618-8653-0B80C100ADD7}.Release|x86.ActiveCfg = Release|Win32
		{362932CD-1D15-4618-8653-0B80C100ADD7}.Release|x86.Build.0 = Release|Win32
		{CEB01353-2DFD-4403-AD20-3C7CBB0E6C80}.Debug|x64.ActiveCfg = Debug|x64
		{CEB01353-2DFD-4403-AD20-3C7CBB0E6C80}.Debug|x64.Build.0 = Debug|x64
		{CEB01353-2DFD-4403-AD20-3C7CBB0E6C80}.Debug|x86.ActiveCfg = Debug|Win32
		{CEB01353-2DFD-4403-AD20-3C7CBB0E6C80}.Debug|x86.Build.0 = Debug|Win32
		{CEB01353-2DFD-4403-AD20-3C7CBB0E6C80}.Release|x64.ActiveCfg = Release|x64
		{CEB01353-2DFD-4403-AD20-3C7CBB0E6C80}.Release|x64.Build.0 = Release|x64
		{CEB01353-2DFD-4403-AD20-3C7CBB0E6C80}.Release|x86.ActiveCfg = Release|Win32
		{CEB01353-2DFD-4403-AD20-3C7CBB0E6C80}.Release|x86.Build.0 = Release|Win32
		{6D786B5C-CB60-40A6-A616-631FE4D58572}.Debug|x64.ActiveCfg = Debug|x64
		{6D786B5C-CB60-40A6-A616-631FE4D58572}.Debug|x64.Build.0 = Debug|x64
		{6D786B5C-CB60-40A6-A616-631FE4D58572}.Debug|x86.ActiveCfg = Debug|Win32
		{6D786B5C-CB60-40A6-A616-631FE4D58572}.Debug|x86.Build.0 = Debug|Win32
		{6D786B5C-CB60-40A6-A616-631FE4D58572}.Release|x64.ActiveCfg = Release|x64
		{6D786B5C-CB60-40A6-A616-631FE4D58572}.Release|x64.Build.0 = Release|x64
		{6D786B5C-CB60-40A6-A616-631FE4D58572}.Release|x86.ActiveCfg = Release|Win32
		{6D786B5C-CB60-40A6-A616-631FE4D58572}.Release|x86.Build.0 = Release|Win32
		{0139C059-F16D-41D1-A4A9-7774589C67D2}.Debug|x64.ActiveCfg = Debug|x64
		{0139C059-F16D-41D1-A4A9-7774589C67D2}.Debug|x64.Build.0 = Debug|x64
		{0139C059-F16D-41D1-A4A9-7774589C67D2}.Debug|x86.ActiveCfg = Debug|Win32
		{0139C059-F16D-41D1-A4A9-7774589C67D2}.Debug|x86.Build.0 = Debug|Win32
		{0139C059-F16D-41D1-A4A9-7774589C67D2}.Release|x64.ActiveCfg = Release|x64
		{0139C059-F16D-41D1-A4A9-7774589C67D2}.Release|x64.Build.0 = Release|x64
		{0139C059-F16D-41D1-A4A9-7774589C67D2}.Release|x86.ActiveCfg = Release|Win32
		{0139C059-F16D-41D1-A4A9-7774589C67D2}.Release|x86.Build.0 = Release|Win32
		{B8D9C0D8-3D02-415E-BF93-8549C269CE68}.Debug|x64.ActiveCfg = Debug|x64
		{B8D9C0D8-3D02-415E-BF93-8549C269CE68}.Debug|x64.Build.0 = Debug|x64
		{B8D9C0D8-3D02-415E-BF93-8549C269CE68}.Debug|x86.ActiveCfg = Debug|Win32
		{B8D9C0D8-3D02-415E-BF93-8549C269CE68}.Debug|x86.Build.0 = Debug|Win32
		{B8D9C0D8-3D02-415E-BF93-8549C269CE68}.Release|x64.ActiveCfg = Release|x64
		{B8D9C0D8-3D02-415E-BF93-8549C269CE68}.Release|x64.Build.0 = Release|x64
		{B8D9C0D8-3D02-415E-BF93-8549C269CE68}.Release|x86.ActiveCfg = Release|Win32
		{B8D9C0D8-3D02-415E-BF93-8549C269CE68}.Release|x86.Build.0 = Release|Win32
		{95BD9870-C9AC-44E6-9F66-04ADEACED944}.Debug|x64.ActiveCfg = Debug|x64
		{95BD9870-C9AC-44E6-9F66-04ADEACED944}.Debug|x64.Build.0 = Debug|x64
		{95BD9870-C9AC-44E6-9F66-04ADEACED944}.Debug|x86.ActiveCfg = Debug|Win32
		{95BD9870-C9AC-44E6-9F66-04ADEACED944}.Debug|x86.Build.0 = Debug|Win32
		{95BD9870-C9AC-44E6-9F66-04ADEACED944}.Release|x64.ActiveCfg = Release|x64
		{95BD9870-C9AC-44E6-9F66-04ADEACED944}.Release|x64.Build.0 = Release|x64
		{95BD9870-C9AC-44E6-9F66-04ADEACED944}.Release|x86.ActiveCfg = Release|Win32
		{95BD9870-C9AC-44E6-9F66-04ADEACED944}.Release|x86.Build.0 = Release|Win32
		{A52CB0DD-9C9E-4F9C-A69C-7DB5C2AE9A4D}.Debug|x64.ActiveCfg = Debug|x64
		{A52CB0DD-9C9E-4F9C-A69C-7DB5C2AE9A4D}.Debug|x64.Build.0 = Debug|x64
		{A52CB0DD-9C9E-4F9C-A69C-7DB5C2AE9A4D}.Debug|x86.ActiveCfg = Debug|Win32
		{A52CB0DD-9C9E-4F9C-A69C-7DB5C2AE9A4D}.Debug|x86.Build.0 = Debug|Win32
		{A52CB0DD-9C9E-4F9C-A69C-7DB5C2AE9A4D}.Release|x64.ActiveCfg = Release|x64
		{A52CB0DD-9C9E-4F9C-A69C-7DB5C2AE9A4D}.Release|x64.Build.0 = Release|x64
		{A52CB0DD-9C9E-4F9C-A69C-7DB5C2AE9A4D}.Release|x86.ActiveCfg = Release|Win32
		{A52CB0DD-9C9E-4F9C-A69C-7DB5C2AE9A4D}.Release|x86.Build.0 = Release|Win32
		{F76E65E5-5EAD-46DD-AFE3-C60924FFCF40}.Debug|x64.ActiveCfg = Debug|x64
		{F76E65E5-5EAD-46DD-AFE3-C60924FFCF40}.Debug|x64.Build.0 = Debug|x64
		{F76E65E5-5EAD-46DD-AFE3-C60924FFCF40}.Debug|x86.ActiveCfg = Debug|Win32
		{F76E65E5-5EAD-46DD-AFE3-C60924FFCF40}.Debug|x86.Build.0 = Debug|Win32
		{F76E65E5-5EAD-46DD-AFE3-C60924FFCF40}.Release|x64.ActiveCfg = Release|x64
		{F76E65E5-5EAD-46DD-AFE3-C60924FFCF40}.Release|x64.Build.0 = Release|x64
		{F76E65E5-5EAD-46DD-AFE3-C60924FFCF40}.Release|x86.ActiveCfg = Release|Win32
		{F76E65E5-5EAD-46DD-AFE3-C60924FFCF40}.Release|x86.Build.0 = Release|Win32
	EndGlobalSection
	GlobalSection(SolutionProperties) = preSolution
		HideSolutionNode = FALSE
	EndGlobalSection
	GlobalSection(ExtensibilityGlobals) = postSolution
		SolutionGuid = {FFA757C0-C624-402D-9994-6EE65767C565}
	EndGlobalSection
EndGlobal
